
Microsoft Visual Studio Solution File, Format Version 12.00
# Visual Studio Version 17
VisualStudioVersion = 17.4.33403.182
MinimumVisualStudioVersion = 10.0.40219.1
Project("{FAE04EC0-301F-11D3-BF4B-00C04F79EFBC}") = "HTC", "HTC\HTC.csproj", "{9FB668A4-30D1-4218-9AAB-B92B66CF737B}"
EndProject
Global
	GlobalSection(SolutionConfigurationPlatforms) = preSolution
		Debug|Any CPU = Debug|Any CPU
		Release|Any CPU = Release|Any CPU
	EndGlobalSection
	GlobalSection(ProjectConfigurationPlatforms) = postSolution
		{9FB668A4-30D1-4218-9AAB-B92B66CF737B}.Debug|Any CPU.ActiveCfg = Debug|Any CPU
		{9FB668A4-30D1-4218-9AAB-B92B66CF737B}.Debug|Any CPU.Build.0 = Debug|Any CPU
		{9FB668A4-30D1-4218-9AAB-B92B66CF737B}.Release|Any CPU.ActiveCfg = Release|Any CPU
		{9FB668A4-30D1-4218-9AAB-B92B66CF737B}.Release|Any CPU.Build.0 = Release|Any CPU
	EndGlobalSection
	GlobalSection(SolutionProperties) = preSolution
		HideSolutionNode = FALSE
	EndGlobalSection
	GlobalSection(ExtensibilityGlobals) = postSolution
		SolutionGuid = {56D11C83-D6C1-4285-93CD-ABE20149B772}
	EndGlobalSection
EndGlobal
